// !$*UTF8*$!
{
	archiveVersion = 1;
	classes = {
	};
	objectVersion = 56;
	objects = {

/* Begin PBXBuildFile section */
		085DFB07304F1D655184FCD1 /* Pods_MYPipelineAlertManager.framework in Frameworks */ = {isa = PBXBuildFile; fileRef = F5CD5CEA2676AE36711FF8CE /* Pods_MYPipelineAlertManager.framework */; };
		EB2C34132E000B550013D1A3 /* NoteMsgViewController.swift in Sources */ = {isa = PBXBuildFile; fileRef = EB2C34122E000B550013D1A3 /* NoteMsgViewController.swift */; };
		EB5F0DD42D3A0B0D00C7B18A /* AppDelegate.swift in Sources */ = {isa = PBXBuildFile; fileRef = EB5F0DD32D3A0B0D00C7B18A /* AppDelegate.swift */; };
		EB5F0DD82D3A0B0D00C7B18A /* ViewController.swift in Sources */ = {isa = PBXBuildFile; fileRef = EB5F0DD72D3A0B0D00C7B18A /* ViewController.swift */; };
		EB5F0DDB2D3A0B0D00C7B18A /* Base in Resources */ = {isa = PBXBuildFile; fileRef = EB5F0DDA2D3A0B0D00C7B18A /* Base */; };
		EB5F0DDD2D3A0B2400C7B18A /* Assets.xcassets in Resources */ = {isa = PBXBuildFile; fileRef = EB5F0DDC2D3A0B2400C7B18A /* Assets.xcassets */; };
		EB5F0DE02D3A0B2400C7B18A /* Base in Resources */ = {isa = PBXBuildFile; fileRef = EB5F0DDF2D3A0B2400C7B18A /* Base */; };
		EB91D9762D3A243700943A17 /* WAPipelineAlertManager.swift in Sources */ = {isa = PBXBuildFile; fileRef = EB91D9752D3A243700943A17 /* WAPipelineAlertManager.swift */; };
		EB91D9782D3A247F00943A17 /* PiplineItemViewController.swift in Sources */ = {isa = PBXBuildFile; fileRef = EB91D9772D3A247F00943A17 /* PiplineItemViewController.swift */; };
/* End PBXBuildFile section */

/* Begin PBXFileReference section */
		A94759047D25CFFA7455C03B /* Pods-MYPipelineAlertManager.release.xcconfig */ = {isa = PBXFileReference; includeInIndex = 1; lastKnownFileType = text.xcconfig; name = "Pods-MYPipelineAlertManager.release.xcconfig"; path = "Target Support Files/Pods-MYPipelineAlertManager/Pods-MYPipelineAlertManager.release.xcconfig"; sourceTree = "<group>"; };
		C395DB1444289E9E030995AC /* Pods-MYPipelineAlertManager.debug.xcconfig */ = {isa = PBXFileReference; includeInIndex = 1; lastKnownFileType = text.xcconfig; name = "Pods-MYPipelineAlertManager.debug.xcconfig"; path = "Target Support Files/Pods-MYPipelineAlertManager/Pods-MYPipelineAlertManager.debug.xcconfig"; sourceTree = "<group>"; };
		EB2C34122E000B550013D1A3 /* NoteMsgViewController.swift */ = {isa = PBXFileReference; lastKnownFileType = sourcecode.swift; path = NoteMsgViewController.swift; sourceTree = "<group>"; };
		EB5F0DD02D3A0B0D00C7B18A /* MYPipelineAlertManager.app */ = {isa = PBXFileReference; explicitFileType = wrapper.application; includeInIndex = 0; path = MYPipelineAlertManager.app; sourceTree = BUILT_PRODUCTS_DIR; };
		EB5F0DD32D3A0B0D00C7B18A /* AppDelegate.swift */ = {isa = PBXFileReference; lastKnownFileType = sourcecode.swift; path = AppDelegate.swift; sourceTree = "<group>"; };
		EB5F0DD72D3A0B0D00C7B18A /* ViewController.swift */ = {isa = PBXFileReference; lastKnownFileType = sourcecode.swift; path = ViewController.swift; sourceTree = "<group>"; };
		EB5F0DDA2D3A0B0D00C7B18A /* Base */ = {isa = PBXFileReference; lastKnownFileType = file.storyboard; name = Base; path = Base.lproj/Main.storyboard; sourceTree = "<group>"; };
		EB5F0DDC2D3A0B2400C7B18A /* Assets.xcassets */ = {isa = PBXFileReference; lastKnownFileType = folder.assetcatalog; path = Assets.xcassets; sourceTree = "<group>"; };
		EB5F0DDF2D3A0B2400C7B18A /* Base */ = {isa = PBXFileReference; lastKnownFileType = file.storyboard; name = Base; path = Base.lproj/LaunchScreen.storyboard; sourceTree = "<group>"; };
		EB5F0DE12D3A0B2400C7B18A /* Info.plist */ = {isa = PBXFileReference; lastKnownFileType = text.plist.xml; path = Info.plist; sourceTree = "<group>"; };
		EB91D9752D3A243700943A17 /* WAPipelineAlertManager.swift */ = {isa = PBXFileReference; lastKnownFileType = sourcecode.swift; path = WAPipelineAlertManager.swift; sourceTree = "<group>"; };
		EB91D9772D3A247F00943A17 /* PiplineItemViewController.swift */ = {isa = PBXFileReference; lastKnownFileType = sourcecode.swift; path = PiplineItemViewController.swift; sourceTree = "<group>"; };
		F5CD5CEA2676AE36711FF8CE /* Pods_MYPipelineAlertManager.framework */ = {isa = PBXFileReference; explicitFileType = wrapper.framework; includeInIndex = 0; path = Pods_MYPipelineAlertManager.framework; sourceTree = BUILT_PRODUCTS_DIR; };
/* End PBXFileReference section */

/* Begin PBXFrameworksBuildPhase section */
		EB5F0DCD2D3A0B0D00C7B18A /* Frameworks */ = {
			isa = PBXFrameworksBuildPhase;
			buildActionMask = 2147483647;
			files = (
				085DFB07304F1D655184FCD1 /* Pods_MYPipelineAlertManager.framework in Frameworks */,
			);
			runOnlyForDeploymentPostprocessing = 0;
		};
/* End PBXFrameworksBuildPhase section */

/* Begin PBXGroup section */
		32B43E623BF73B8E7315C1DA /* Pods */ = {
			isa = PBXGroup;
			children = (
				C395DB1444289E9E030995AC /* Pods-MYPipelineAlertManager.debug.xcconfig */,
				A94759047D25CFFA7455C03B /* Pods-MYPipelineAlertManager.release.xcconfig */,
			);
			path = Pods;
			sourceTree = "<group>";
		};
		C9C8D59ADA494F876C8ED296 /* Frameworks */ = {
			isa = PBXGroup;
			children = (
				F5CD5CEA2676AE36711FF8CE /* Pods_MYPipelineAlertManager.framework */,
			);
			name = Frameworks;
			sourceTree = "<group>";
		};
		EB5F0DC72D3A0B0D00C7B18A = {
			isa = PBXGroup;
			children = (
				EB5F0DD22D3A0B0D00C7B18A /* MYPipelineAlertManager */,
				EB5F0DD12D3A0B0D00C7B18A /* Products */,
				32B43E623BF73B8E7315C1DA /* Pods */,
				C9C8D59ADA494F876C8ED296 /* Frameworks */,
			);
			sourceTree = "<group>";
		};
		EB5F0DD12D3A0B0D00C7B18A /* Products */ = {
			isa = PBXGroup;
			children = (
				EB5F0DD02D3A0B0D00C7B18A /* MYPipelineAlertManager.app */,
			);
			name = Products;
			sourceTree = "<group>";
		};
		EB5F0DD22D3A0B0D00C7B18A /* MYPipelineAlertManager */ = {
			isa = PBXGroup;
			children = (
				EB91D9792D3A2B1400943A17 /* Tool */,
				EB5F0DD32D3A0B0D00C7B18A /* AppDelegate.swift */,
				EB5F0DD72D3A0B0D00C7B18A /* ViewController.swift */,
				EB5F0DD92D3A0B0D00C7B18A /* Main.storyboard */,
				EB5F0DDC2D3A0B2400C7B18A /* Assets.xcassets */,
				EB5F0DDE2D3A0B2400C7B18A /* LaunchScreen.storyboard */,
				EB5F0DE12D3A0B2400C7B18A /* Info.plist */,
			);
			path = MYPipelineAlertManager;
			sourceTree = "<group>";
		};
		EB91D9792D3A2B1400943A17 /* Tool */ = {
			isa = PBXGroup;
			children = (
				EB91D9752D3A243700943A17 /* WAPipelineAlertManager.swift */,
				EB91D9772D3A247F00943A17 /* PiplineItemViewController.swift */,
				EB2C34122E000B550013D1A3 /* NoteMsgViewController.swift */,
			);
			path = Tool;
			sourceTree = "<group>";
		};
/* End PBXGroup section */

/* Begin PBXNativeTarget section */
		EB5F0DCF2D3A0B0D00C7B18A /* MYPipelineAlertManager */ = {
			isa = PBXNativeTarget;
			buildConfigurationList = EB5F0DE42D3A0B2400C7B18A /* Build configuration list for PBXNativeTarget "MYPipelineAlertManager" */;
			buildPhases = (
				80BCEEC2F91B41F2F24BE7D2 /* [CP] Check Pods Manifest.lock */,
				EB5F0DCC2D3A0B0D00C7B18A /* Sources */,
				EB5F0DCD2D3A0B0D00C7B18A /* Frameworks */,
				EB5F0DCE2D3A0B0D00C7B18A /* Resources */,
				6E2D9330CE6C12E7DBE6858C /* [CP] Embed Pods Frameworks */,
			);
			buildRules = (
			);
			dependencies = (
			);
			name = MYPipelineAlertManager;
			productName = MYPipelineAlertManager;
			productReference = EB5F0DD02D3A0B0D00C7B18A /* MYPipelineAlertManager.app */;
			productType = "com.apple.product-type.application";
		};
/* End PBXNativeTarget section */

/* Begin PBXProject section */
		EB5F0DC82D3A0B0D00C7B18A /* Project object */ = {
			isa = PBXProject;
			attributes = {
				BuildIndependentTargetsInParallel = 1;
				LastSwiftUpdateCheck = 1540;
				LastUpgradeCheck = 1540;
				TargetAttributes = {
					EB5F0DCF2D3A0B0D00C7B18A = {
						CreatedOnToolsVersion = 15.4;
					};
				};
			};
			buildConfigurationList = EB5F0DCB2D3A0B0D00C7B18A /* Build configuration list for PBXProject "MYPipelineAlertManager" */;
			compatibilityVersion = "Xcode 14.0";
			developmentRegion = en;
			hasScannedForEncodings = 0;
			knownRegions = (
				en,
				Base,
			);
			mainGroup = EB5F0DC72D3A0B0D00C7B18A;
			productRefGroup = EB5F0DD12D3A0B0D00C7B18A /* Products */;
			projectDirPath = "";
			projectRoot = "";
			targets = (
				EB5F0DCF2D3A0B0D00C7B18A /* MYPipelineAlertManager */,
			);
		};
/* End PBXProject section */

/* Begin PBXResourcesBuildPhase section */
		EB5F0DCE2D3A0B0D00C7B18A /* Resources */ = {
			isa = PBXResourcesBuildPhase;
			buildActionMask = 2147483647;
			files = (
				EB5F0DDD2D3A0B2400C7B18A /* Assets.xcassets in Resources */,
				EB5F0DE02D3A0B2400C7B18A /* Base in Resources */,
				EB5F0DDB2D3A0B0D00C7B18A /* Base in Resources */,
			);
			runOnlyForDeploymentPostprocessing = 0;
		};
/* End PBXResourcesBuildPhase section */

/* Begin PBXShellScriptBuildPhase section */
		6E2D9330CE6C12E7DBE6858C /* [CP] Embed Pods Frameworks */ = {
			isa = PBXShellScriptBuildPhase;
			buildActionMask = 2147483647;
			files = (
			);
			inputFileListPaths = (
				"${PODS_ROOT}/Target Support Files/Pods-MYPipelineAlertManager/Pods-MYPipelineAlertManager-frameworks-${CONFIGURATION}-input-files.xcfilelist",
			);
			name = "[CP] Embed Pods Frameworks";
			outputFileListPaths = (
				"${PODS_ROOT}/Target Support Files/Pods-MYPipelineAlertManager/Pods-MYPipelineAlertManager-frameworks-${CONFIGURATION}-output-files.xcfilelist",
			);
			runOnlyForDeploymentPostprocessing = 0;
			shellPath = /bin/sh;
			shellScript = "\"${PODS_ROOT}/Target Support Files/Pods-MYPipelineAlertManager/Pods-MYPipelineAlertManager-frameworks.sh\"\n";
			showEnvVarsInLog = 0;
		};
		80BCEEC2F91B41F2F24BE7D2 /* [CP] Check Pods Manifest.lock */ = {
			isa = PBXShellScriptBuildPhase;
			buildActionMask = 2147483647;
			files = (
			);
			inputFileListPaths = (
			);
			inputPaths = (
				"${PODS_PODFILE_DIR_PATH}/Podfile.lock",
				"${PODS_ROOT}/Manifest.lock",
			);
			name = "[CP] Check Pods Manifest.lock";
			outputFileListPaths = (
			);
			outputPaths = (
				"$(DERIVED_FILE_DIR)/Pods-MYPipelineAlertManager-checkManifestLockResult.txt",
			);
			runOnlyForDeploymentPostprocessing = 0;
			shellPath = /bin/sh;
			shellScript = "diff \"${PODS_PODFILE_DIR_PATH}/Podfile.lock\" \"${PODS_ROOT}/Manifest.lock\" > /dev/null\nif [ $? != 0 ] ; then\n    # print error to STDERR\n    echo \"error: The sandbox is not in sync with the Podfile.lock. Run 'pod install' or update your CocoaPods installation.\" >&2\n    exit 1\nfi\n# This output is used by Xcode 'outputs' to avoid re-running this script phase.\necho \"SUCCESS\" > \"${SCRIPT_OUTPUT_FILE_0}\"\n";
			showEnvVarsInLog = 0;
		};
/* End PBXShellScriptBuildPhase section */

/* Begin PBXSourcesBuildPhase section */
		EB5F0DCC2D3A0B0D00C7B18A /* Sources */ = {
			isa = PBXSourcesBuildPhase;
			buildActionMask = 2147483647;
			files = (
				EB5F0DD82D3A0B0D00C7B18A /* ViewController.swift in Sources */,
				EB91D9782D3A247F00943A17 /* PiplineItemViewController.swift in Sources */,
				EB2C34132E000B550013D1A3 /* NoteMsgViewController.swift in Sources */,
				EB5F0DD42D3A0B0D00C7B18A /* AppDelegate.swift in Sources */,
				EB91D9762D3A243700943A17 /* WAPipelineAlertManager.swift in Sources */,
			);
			runOnlyForDeploymentPostprocessing = 0;
		};
/* End PBXSourcesBuildPhase section */

/* Begin PBXVariantGroup section */
		EB5F0DD92D3A0B0D00C7B18A /* Main.storyboard */ = {
			isa = PBXVariantGroup;
			children = (
				EB5F0DDA2D3A0B0D00C7B18A /* Base */,
			);
			name = Main.storyboard;
			sourceTree = "<group>";
		};
		EB5F0DDE2D3A0B2400C7B18A /* LaunchScreen.storyboard */ = {
			isa = PBXVariantGroup;
			children = (
				EB5F0DDF2D3A0B2400C7B18A /* Base */,
			);
			name = LaunchScreen.storyboard;
			sourceTree = "<group>";
		};
/* End PBXVariantGroup section */

/* Begin XCBuildConfiguration section */
		EB5F0DE22D3A0B2400C7B18A /* Debug */ = {
			isa = XCBuildConfiguration;
			buildSettings = {
				ALWAYS_SEARCH_USER_PATHS = NO;
				ASSETCATALOG_COMPILER_GENERATE_SWIFT_ASSET_SYMBOL_EXTENSIONS = YES;
				CLANG_ANALYZER_NONNULL = YES;
				CLANG_ANALYZER_NUMBER_OBJECT_CONVERSION = YES_AGGRESSIVE;
				CLANG_CXX_LANGUAGE_STANDARD = "gnu++20";
				CLANG_ENABLE_MODULES = YES;
				CLANG_ENABLE_OBJC_ARC = YES;
				CLANG_ENABLE_OBJC_WEAK = YES;
				CLANG_WARN_BLOCK_CAPTURE_AUTORELEASING = YES;
				CLANG_WARN_BOOL_CONVERSION = YES;
				CLANG_WARN_COMMA = YES;
				CLANG_WARN_CONSTANT_CONVERSION = YES;
				CLANG_WARN_DEPRECATED_OBJC_IMPLEMENTATIONS = YES;
				CLANG_WARN_DIRECT_OBJC_ISA_USAGE = YES_ERROR;
				CLANG_WARN_DOCUMENTATION_COMMENTS = YES;
				CLANG_WARN_EMPTY_BODY = YES;
				CLANG_WARN_ENUM_CONVERSION = YES;
				CLANG_WARN_INFINITE_RECURSION = YES;
				CLANG_WARN_INT_CONVERSION = YES;
				CLANG_WARN_NON_LITERAL_NULL_CONVERSION = YES;
				CLANG_WARN_OBJC_IMPLICIT_RETAIN_SELF = YES;
				CLANG_WARN_OBJC_LITERAL_CONVERSION = YES;
				CLANG_WARN_OBJC_ROOT_CLASS = YES_ERROR;
				CLANG_WARN_QUOTED_INCLUDE_IN_FRAMEWORK_HEADER = YES;
				CLANG_WARN_RANGE_LOOP_ANALYSIS = YES;
				CLANG_WARN_STRICT_PROTOTYPES = YES;
				CLANG_WARN_SUSPICIOUS_MOVE = YES;
				CLANG_WARN_UNGUARDED_AVAILABILITY = YES_AGGRESSIVE;
				CLANG_WARN_UNREACHABLE_CODE = YES;
				CLANG_WARN__DUPLICATE_METHOD_MATCH = YES;
				COPY_PHASE_STRIP = NO;
				DEBUG_INFORMATION_FORMAT = dwarf;
				ENABLE_STRICT_OBJC_MSGSEND = YES;
				ENABLE_TESTABILITY = YES;
				ENABLE_USER_SCRIPT_SANDBOXING = YES;
				GCC_C_LANGUAGE_STANDARD = gnu17;
				GCC_DYNAMIC_NO_PIC = NO;
				GCC_NO_COMMON_BLOCKS = YES;
				GCC_OPTIMIZATION_LEVEL = 0;
				GCC_PREPROCESSOR_DEFINITIONS = (
					"DEBUG=1",
					"$(inherited)",
				);
				GCC_WARN_64_TO_32_BIT_CONVERSION = YES;
				GCC_WARN_ABOUT_RETURN_TYPE = YES_ERROR;
				GCC_WARN_UNDECLARED_SELECTOR = YES;
				GCC_WARN_UNINITIALIZED_AUTOS = YES_AGGRESSIVE;
				GCC_WARN_UNUSED_FUNCTION = YES;
				GCC_WARN_UNUSED_VARIABLE = YES;
				IPHONEOS_DEPLOYMENT_TARGET = 13.0;
				LOCALIZATION_PREFERS_STRING_CATALOGS = YES;
				MTL_ENABLE_DEBUG_INFO = INCLUDE_SOURCE;
				MTL_FAST_MATH = YES;
				ONLY_ACTIVE_ARCH = YES;
				SDKROOT = iphoneos;
				SWIFT_ACTIVE_COMPILATION_CONDITIONS = "DEBUG $(inherited)";
				SWIFT_OPTIMIZATION_LEVEL = "-Onone";
			};
			name = Debug;
		};
		EB5F0DE32D3A0B2400C7B18A /* Release */ = {
			isa = XCBuildConfiguration;
			buildSettings = {
				ALWAYS_SEARCH_USER_PATHS = NO;
				ASSETCATALOG_COMPILER_GENERATE_SWIFT_ASSET_SYMBOL_EXTENSIONS = YES;
				CLANG_ANALYZER_NONNULL = YES;
				CLANG_ANALYZER_NUMBER_OBJECT_CONVERSION = YES_AGGRESSIVE;
				CLANG_CXX_LANGUAGE_STANDARD = "gnu++20";
				CLANG_ENABLE_MODULES = YES;
				CLANG_ENABLE_OBJC_ARC = YES;
				CLANG_ENABLE_OBJC_WEAK = YES;
				CLANG_WARN_BLOCK_CAPTURE_AUTORELEASING = YES;
				CLANG_WARN_BOOL_CONVERSION = YES;
				CLANG_WARN_COMMA = YES;
				CLANG_WARN_CONSTANT_CONVERSION = YES;
				CLANG_WARN_DEPRECATED_OBJC_IMPLEMENTATIONS = YES;
				CLANG_WARN_DIRECT_OBJC_ISA_USAGE = YES_ERROR;
				CLANG_WARN_DOCUMENTATION_COMMENTS = YES;
				CLANG_WARN_EMPTY_BODY = YES;
				CLANG_WARN_ENUM_CONVERSION = YES;
				CLANG_WARN_INFINITE_RECURSION = YES;
				CLANG_WARN_INT_CONVERSION = YES;
				CLANG_WARN_NON_LITERAL_NULL_CONVERSION = YES;
				CLANG_WARN_OBJC_IMPLICIT_RETAIN_SELF = YES;
				CLANG_WARN_OBJC_LITERAL_CONVERSION = YES;
				CLANG_WARN_OBJC_ROOT_CLASS = YES_ERROR;
				CLANG_WARN_QUOTED_INCLUDE_IN_FRAMEWORK_HEADER = YES;
				CLANG_WARN_RANGE_LOOP_ANALYSIS = YES;
				CLANG_WARN_STRICT_PROTOTYPES = YES;
				CLANG_WARN_SUSPICIOUS_MOVE = YES;
				CLANG_WARN_UNGUARDED_AVAILABILITY = YES_AGGRESSIVE;
				CLANG_WARN_UNREACHABLE_CODE = YES;
				CLANG_WARN__DUPLICATE_METHOD_MATCH = YES;
				COPY_PHASE_STRIP = NO;
				DEBUG_INFORMATION_FORMAT = "dwarf-with-dsym";
				ENABLE_NS_ASSERTIONS = NO;
				ENABLE_STRICT_OBJC_MSGSEND = YES;
				ENABLE_USER_SCRIPT_SANDBOXING = YES;
				GCC_C_LANGUAGE_STANDARD = gnu17;
				GCC_NO_COMMON_BLOCKS = YES;
				GCC_WARN_64_TO_32_BIT_CONVERSION = YES;
				GCC_WARN_ABOUT_RETURN_TYPE = YES_ERROR;
				GCC_WARN_UNDECLARED_SELECTOR = YES;
				GCC_WARN_UNINITIALIZED_AUTOS = YES_AGGRESSIVE;
				GCC_WARN_UNUSED_FUNCTION = YES;
				GCC_WARN_UNUSED_VARIABLE = YES;
				IPHONEOS_DEPLOYMENT_TARGET = 13.0;
				LOCALIZATION_PREFERS_STRING_CATALOGS = YES;
				MTL_ENABLE_DEBUG_INFO = NO;
				MTL_FAST_MATH = YES;
				SDKROOT = iphoneos;
				SWIFT_COMPILATION_MODE = wholemodule;
				VALIDATE_PRODUCT = YES;
			};
			name = Release;
		};
		EB5F0DE52D3A0B2400C7B18A /* Debug */ = {
			isa = XCBuildConfiguration;
			baseConfigurationReference = C395DB1444289E9E030995AC /* Pods-MYPipelineAlertManager.debug.xcconfig */;
			buildSettings = {
				ASSETCATALOG_COMPILER_APPICON_NAME = AppIcon;
				ASSETCATALOG_COMPILER_GLOBAL_ACCENT_COLOR_NAME = AccentColor;
				CODE_SIGN_STYLE = Automatic;
				CURRENT_PROJECT_VERSION = 1;
				DEVELOPMENT_TEAM = Z853VKPG4P;
				ENABLE_USER_SCRIPT_SANDBOXING = NO;
				GENERATE_INFOPLIST_FILE = YES;
				INFOPLIST_FILE = MYPipelineAlertManager/Info.plist;
				INFOPLIST_KEY_UIApplicationSupportsIndirectInputEvents = YES;
				INFOPLIST_KEY_UILaunchStoryboardName = LaunchScreen;
				INFOPLIST_KEY_UISupportedInterfaceOrientations = UIInterfaceOrientationPortrait;
				INFOPLIST_KEY_UISupportedInterfaceOrientations_iPad = "UIInterfaceOrientationPortrait UIInterfaceOrientationPortraitUpsideDown";
				IPHONEOS_DEPLOYMENT_TARGET = 15.6;
				LD_RUNPATH_SEARCH_PATHS = (
					"$(inherited)",
					"@executable_path/Frameworks",
				);
				MARKETING_VERSION = 1.0;
				PRODUCT_BUNDLE_IDENTIFIER = com.HowardExplore.MYPipelineAlertManager;
				PRODUCT_NAME = "$(TARGET_NAME)";
				SUPPORTED_PLATFORMS = "iphoneos iphonesimulator";
				SUPPORTS_MACCATALYST = NO;
				SWIFT_EMIT_LOC_STRINGS = YES;
				SWIFT_VERSION = 5.0;
				TARGETED_DEVICE_FAMILY = 1;
			};
			name = Debug;
		};
		EB5F0DE62D3A0B2400C7B18A /* Release */ = {
			isa = XCBuildConfiguration;
			baseConfigurationReference = A94759047D25CFFA7455C03B /* Pods-MYPipelineAlertManager.release.xcconfig */;
			buildSettings = {
				ASSETCATALOG_COMPILER_APPICON_NAME = AppIcon;
				ASSETCATALOG_COMPILER_GLOBAL_ACCENT_COLOR_NAME = AccentColor;
				CODE_SIGN_STYLE = Automatic;
				CURRENT_PROJECT_VERSION = 1;
				DEVELOPMENT_TEAM = Z853VKPG4P;
				ENABLE_USER_SCRIPT_SANDBOXING = NO;
				GENERATE_INFOPLIST_FILE = YES;
				INFOPLIST_FILE = MYPipelineAlertManager/Info.plist;
				INFOPLIST_KEY_UIApplicationSupportsIndirectInputEvents = YES;
				INFOPLIST_KEY_UILaunchStoryboardName = LaunchScreen;
				INFOPLIST_KEY_UISupportedInterfaceOrientations = UIInterfaceOrientationPortrait;
				INFOPLIST_KEY_UISupportedInterfaceOrientations_iPad = "UIInterfaceOrientationPortrait UIInterfaceOrientationPortraitUpsideDown";
				IPHONEOS_DEPLOYMENT_TARGET = 15.6;
				LD_RUNPATH_SEARCH_PATHS = (
					"$(inherited)",
					"@executable_path/Frameworks",
				);
				MARKETING_VERSION = 1.0;
				PRODUCT_BUNDLE_IDENTIFIER = com.HowardExplore.MYPipelineAlertManager;
				PRODUCT_NAME = "$(TARGET_NAME)";
				SUPPORTED_PLATFORMS = "iphoneos iphonesimulator";
				SUPPORTS_MACCATALYST = NO;
				SWIFT_EMIT_LOC_STRINGS = YES;
				SWIFT_VERSION = 5.0;
				TARGETED_DEVICE_FAMILY = 1;
			};
			name = Release;
		};
/* End XCBuildConfiguration section */

/* Begin XCConfigurationList section */
		EB5F0DCB2D3A0B0D00C7B18A /* Build configuration list for PBXProject "MYPipelineAlertManager" */ = {
			isa = XCConfigurationList;
			buildConfigurations = (
				EB5F0DE22D3A0B2400C7B18A /* Debug */,
				EB5F0DE32D3A0B2400C7B18A /* Release */,
			);
			defaultConfigurationIsVisible = 0;
			defaultConfigurationName = Release;
		};
		EB5F0DE42D3A0B2400C7B18A /* Build configuration list for PBXNativeTarget "MYPipelineAlertManager" */ = {
			isa = XCConfigurationList;
			buildConfigurations = (
				EB5F0DE52D3A0B2400C7B18A /* Debug */,
				EB5F0DE62D3A0B2400C7B18A /* Release */,
			);
			defaultConfigurationIsVisible = 0;
			defaultConfigurationName = Release;
		};
/* End XCConfigurationList section */
	};
	rootObject = EB5F0DC82D3A0B0D00C7B18A /* Project object */;
}
